
Microsoft Visual Studio Solution File, Format Version 12.00
# Visual Studio Version 17
VisualStudioVersion = 17.11.35327.3
MinimumVisualStudioVersion = 10.0.40219.1
Project("{C9674DCB-5085-4A16-B785-4C70DD1589BD}") = "ETL_Precipitacion", "ETL_Precipitacion\ETL_Precipitacion.dtproj", "{AEC7F8A2-8E06-48B9-8C69-EB10088E51AB}"
EndProject
Global
	GlobalSection(SolutionConfigurationPlatforms) = preSolution
		Development|Default = Development|Default
	EndGlobalSection
	GlobalSection(ProjectConfigurationPlatforms) = postSolution
		{AEC7F8A2-8E06-48B9-8C69-EB10088E51AB}.Development|Default.ActiveCfg = Development
		{AEC7F8A2-8E06-48B9-8C69-EB10088E51AB}.Development|Default.Build.0 = Development
	EndGlobalSection
	GlobalSection(SolutionProperties) = preSolution
		HideSolutionNode = FALSE
	EndGlobalSection
	GlobalSection(ExtensibilityGlobals) = postSolution
		SolutionGuid = {6A0F2236-8C1D-4585-9759-FDA2595CA92F}
	EndGlobalSection
EndGlobal
